
Microsoft Visual Studio Solution File, Format Version 12.00
# Visual Studio Version 17
VisualStudioVersion = 17.12.35514.174
MinimumVisualStudioVersion = 10.0.40219.1
Project("{2150E333-8FDC-42A3-9474-1A3956D46DE8}") = "Services", "Services", "{49265AD6-C7EA-44CF-AC82-229118BA1379}"
EndProject
Project("{2150E333-8FDC-42A3-9474-1A3956D46DE8}") = "Catalog", "Catalog", "{5943E702-EF2E-4238-8A13-B0571BBEC1C5}"
EndProject
Project("{FAE04EC0-301F-11D3-BF4B-00C04F79EFBC}") = "Catalog.API", "Services\Catalog\Catalog.API\Catalog.API.csproj", "{4A40949C-65E6-456B-9A6A-83A3665F1B61}"
EndProject
Project("{2150E333-8FDC-42A3-9474-1A3956D46DE8}") = "BuildingBlocks", "BuildingBlocks", "{7B4E35CB-3239-4A5F-A998-A23FF7D60E1B}"
EndProject
Project("{FAE04EC0-301F-11D3-BF4B-00C04F79EFBC}") = "BuildingBlocks", "BuildingBlocks\BuildingBlocks.csproj", "{92274E6D-E887-46DC-B47E-0B873844AF7A}"
EndProject
Project("{E53339B2-1760-4266-BCC7-CA923CBCF16C}") = "docker-compose", "docker-compose.dcproj", "{AB067285-7112-4EEB-A49D-812F4E200949}"
EndProject
Project("{2150E333-8FDC-42A3-9474-1A3956D46DE8}") = "Basket", "Basket", "{A3A186F7-CDFF-4485-9C9D-B0FB47D9B185}"
EndProject
Project("{FAE04EC0-301F-11D3-BF4B-00C04F79EFBC}") = "Basket.API", "Services\Basket\Basket.API\Basket.API.csproj", "{A6DF588A-7C07-45F6-8DA4-80EFAA836A49}"
EndProject
Global
	GlobalSection(SolutionConfigurationPlatforms) = preSolution
		Debug|Any CPU = Debug|Any CPU
		Release|Any CPU = Release|Any CPU
	EndGlobalSection
	GlobalSection(ProjectConfigurationPlatforms) = postSolution
		{4A40949C-65E6-456B-9A6A-83A3665F1B61}.Debug|Any CPU.ActiveCfg = Debug|Any CPU
		{4A40949C-65E6-456B-9A6A-83A3665F1B61}.Debug|Any CPU.Build.0 = Debug|Any CPU
		{4A40949C-65E6-456B-9A6A-83A3665F1B61}.Release|Any CPU.ActiveCfg = Release|Any CPU
		{4A40949C-65E6-456B-9A6A-83A3665F1B61}.Release|Any CPU.Build.0 = Release|Any CPU
		{92274E6D-E887-46DC-B47E-0B873844AF7A}.Debug|Any CPU.ActiveCfg = Debug|Any CPU
		{92274E6D-E887-46DC-B47E-0B873844AF7A}.Debug|Any CPU.Build.0 = Debug|Any CPU
		{92274E6D-E887-46DC-B47E-0B873844AF7A}.Release|Any CPU.ActiveCfg = Release|Any CPU
		{92274E6D-E887-46DC-B47E-0B873844AF7A}.Release|Any CPU.Build.0 = Release|Any CPU
		{AB067285-7112-4EEB-A49D-812F4E200949}.Debug|Any CPU.ActiveCfg = Debug|Any CPU
		{AB067285-7112-4EEB-A49D-812F4E200949}.Debug|Any CPU.Build.0 = Debug|Any CPU
		{AB067285-7112-4EEB-A49D-812F4E200949}.Release|Any CPU.ActiveCfg = Release|Any CPU
		{AB067285-7112-4EEB-A49D-812F4E200949}.Release|Any CPU.Build.0 = Release|Any CPU
		{A6DF588A-7C07-45F6-8DA4-80EFAA836A49}.Debug|Any CPU.ActiveCfg = Debug|Any CPU
		{A6DF588A-7C07-45F6-8DA4-80EFAA836A49}.Debug|Any CPU.Build.0 = Debug|Any CPU
		{A6DF588A-7C07-45F6-8DA4-80EFAA836A49}.Release|Any CPU.ActiveCfg = Release|Any CPU
		{A6DF588A-7C07-45F6-8DA4-80EFAA836A49}.Release|Any CPU.Build.0 = Release|Any CPU
	EndGlobalSection
	GlobalSection(SolutionProperties) = preSolution
		HideSolutionNode = FALSE
	EndGlobalSection
	GlobalSection(NestedProjects) = preSolution
		{5943E702-EF2E-4238-8A13-B0571BBEC1C5} = {49265AD6-C7EA-44CF-AC82-229118BA1379}
		{4A40949C-65E6-456B-9A6A-83A3665F1B61} = {5943E702-EF2E-4238-8A13-B0571BBEC1C5}
		{92274E6D-E887-46DC-B47E-0B873844AF7A} = {7B4E35CB-3239-4A5F-A998-A23FF7D60E1B}
		{A3A186F7-CDFF-4485-9C9D-B0FB47D9B185} = {49265AD6-C7EA-44CF-AC82-229118BA1379}
		{A6DF588A-7C07-45F6-8DA4-80EFAA836A49} = {A3A186F7-CDFF-4485-9C9D-B0FB47D9B185}
	EndGlobalSection
EndGlobal
